
Microsoft Visual Studio Solution File, Format Version 12.00
# Visual Studio Version 17
VisualStudioVersion = 17.10.34928.147
MinimumVisualStudioVersion = 10.0.40219.1
Project("{2150E333-8FDC-42A3-9474-1A3956D46DE8}") = "src", "src", "{1411288C-167B-4D1C-B02C-DB30A9016A57}"
EndProject
Project("{FAE04EC0-301F-11D3-BF4B-00C04F79EFBC}") = "GarageConsole", "GarageConsole\GarageConsole.csproj", "{394A374B-942B-422E-92A6-E7115017AFEA}"
EndProject
Project("{2150E333-8FDC-42A3-9474-1A3956D46DE8}") = "test", "test", "{1E3926FB-D2F6-4979-8F65-B8D70249CEDD}"
EndProject
Project("{FAE04EC0-301F-11D3-BF4B-00C04F79EFBC}") = "GarageConsoleTest", "TestGarageConsole\GarageConsoleTest.csproj", "{3F70AACD-3DC1-41E9-BD17-E4F322E569F9}"
EndProject
Global
	GlobalSection(SolutionConfigurationPlatforms) = preSolution
		Debug|Any CPU = Debug|Any CPU
		Release|Any CPU = Release|Any CPU
	EndGlobalSection
	GlobalSection(ProjectConfigurationPlatforms) = postSolution
		{394A374B-942B-422E-92A6-E7115017AFEA}.Debug|Any CPU.ActiveCfg = Debug|Any CPU
		{394A374B-942B-422E-92A6-E7115017AFEA}.Debug|Any CPU.Build.0 = Debug|Any CPU
		{394A374B-942B-422E-92A6-E7115017AFEA}.Release|Any CPU.ActiveCfg = Release|Any CPU
		{394A374B-942B-422E-92A6-E7115017AFEA}.Release|Any CPU.Build.0 = Release|Any CPU
		{3F70AACD-3DC1-41E9-BD17-E4F322E569F9}.Debug|Any CPU.ActiveCfg = Debug|Any CPU
		{3F70AACD-3DC1-41E9-BD17-E4F322E569F9}.Debug|Any CPU.Build.0 = Debug|Any CPU
		{3F70AACD-3DC1-41E9-BD17-E4F322E569F9}.Release|Any CPU.ActiveCfg = Release|Any CPU
		{3F70AACD-3DC1-41E9-BD17-E4F322E569F9}.Release|Any CPU.Build.0 = Release|Any CPU
	EndGlobalSection
	GlobalSection(SolutionProperties) = preSolution
		HideSolutionNode = FALSE
	EndGlobalSection
	GlobalSection(NestedProjects) = preSolution
		{394A374B-942B-422E-92A6-E7115017AFEA} = {1411288C-167B-4D1C-B02C-DB30A9016A57}
		{3F70AACD-3DC1-41E9-BD17-E4F322E569F9} = {1E3926FB-D2F6-4979-8F65-B8D70249CEDD}
	EndGlobalSection
	GlobalSection(ExtensibilityGlobals) = postSolution
		SolutionGuid = {B483A863-7E6C-4639-B4B8-61F695B6D665}
	EndGlobalSection
EndGlobal
